
Microsoft Visual Studio Solution File, Format Version 12.00
# Visual Studio Version 16
VisualStudioVersion = 16.0.31321.278
MinimumVisualStudioVersion = 10.0.40219.1
Project("{FAE04EC0-301F-11D3-BF4B-00C04F79EFBC}") = "SMK.BAWANG.UI", "SMK.BAWANG.UI\SMK.BAWANG.UI.csproj", "{6A332622-5391-443B-93A9-8CAA14710E1B}"
EndProject
Project("{FAE04EC0-301F-11D3-BF4B-00C04F79EFBC}") = "SMK.BAWANG.Dto", "SMK.BAWANG.Dto\SMK.BAWANG.Dto.csproj", "{29BAEA57-896E-498E-9EC8-D3DD18B5B952}"
EndProject
Project("{FAE04EC0-301F-11D3-BF4B-00C04F79EFBC}") = "SMK.BAWANG.Dta", "SMK.BAWANG.Dta\SMK.BAWANG.Dta.csproj", "{3065D131-BAC5-495D-8977-1161F586FA71}"
EndProject
Project("{FAE04EC0-301F-11D3-BF4B-00C04F79EFBC}") = "SMK.BAWANG.Logic", "SMK.BAWANG.Logic\SMK.BAWANG.Logic.csproj", "{3E73BF52-0894-4C40-A78B-7C574C137583}"
EndProject
Global
	GlobalSection(SolutionConfigurationPlatforms) = preSolution
		Debug|Any CPU = Debug|Any CPU
		Release|Any CPU = Release|Any CPU
	EndGlobalSection
	GlobalSection(ProjectConfigurationPlatforms) = postSolution
		{6A332622-5391-443B-93A9-8CAA14710E1B}.Debug|Any CPU.ActiveCfg = Debug|Any CPU
		{6A332622-5391-443B-93A9-8CAA14710E1B}.Debug|Any CPU.Build.0 = Debug|Any CPU
		{6A332622-5391-443B-93A9-8CAA14710E1B}.Release|Any CPU.ActiveCfg = Release|Any CPU
		{6A332622-5391-443B-93A9-8CAA14710E1B}.Release|Any CPU.Build.0 = Release|Any CPU
		{29BAEA57-896E-498E-9EC8-D3DD18B5B952}.Debug|Any CPU.ActiveCfg = Debug|Any CPU
		{29BAEA57-896E-498E-9EC8-D3DD18B5B952}.Debug|Any CPU.Build.0 = Debug|Any CPU
		{29BAEA57-896E-498E-9EC8-D3DD18B5B952}.Release|Any CPU.ActiveCfg = Release|Any CPU
		{29BAEA57-896E-498E-9EC8-D3DD18B5B952}.Release|Any CPU.Build.0 = Release|Any CPU
		{3065D131-BAC5-495D-8977-1161F586FA71}.Debug|Any CPU.ActiveCfg = Debug|Any CPU
		{3065D131-BAC5-495D-8977-1161F586FA71}.Debug|Any CPU.Build.0 = Debug|Any CPU
		{3065D131-BAC5-495D-8977-1161F586FA71}.Release|Any CPU.ActiveCfg = Release|Any CPU
		{3065D131-BAC5-495D-8977-1161F586FA71}.Release|Any CPU.Build.0 = Release|Any CPU
		{3E73BF52-0894-4C40-A78B-7C574C137583}.Debug|Any CPU.ActiveCfg = Debug|Any CPU
		{3E73BF52-0894-4C40-A78B-7C574C137583}.Debug|Any CPU.Build.0 = Debug|Any CPU
		{3E73BF52-0894-4C40-A78B-7C574C137583}.Release|Any CPU.ActiveCfg = Release|Any CPU
		{3E73BF52-0894-4C40-A78B-7C574C137583}.Release|Any CPU.Build.0 = Release|Any CPU
	EndGlobalSection
	GlobalSection(SolutionProperties) = preSolution
		HideSolutionNode = FALSE
	EndGlobalSection
	GlobalSection(ExtensibilityGlobals) = postSolution
		SolutionGuid = {D76AFC72-B315-486E-8EBA-121AB254588B}
	EndGlobalSection
EndGlobal
